
Microsoft Visual Studio Solution File, Format Version 12.00
# Visual Studio 15
VisualStudioVersion = 15.0.28307.421
MinimumVisualStudioVersion = 10.0.40219.1
Project("{9A19103F-16F7-4668-BE54-9A1E7A4F7556}") = "CoreExample.Website", "CoreExample\CoreExample.Website.csproj", "{386BDB04-24E4-4570-94E5-5E6A9E075533}"
EndProject
Project("{9A19103F-16F7-4668-BE54-9A1E7A4F7556}") = "CoreExample.Core", "CoreExample.Core\CoreExample.Core.csproj", "{84980665-1D33-4F73-9E4F-EE79DA81A1C8}"
EndProject
Project("{FAE04EC0-301F-11D3-BF4B-00C04F79EFBC}") = "CoreExample.Models", "CoreExample.Models\CoreExample.Models.csproj", "{E9C9438A-8685-4FCC-8D7A-347BC3DFA645}"
EndProject
Global
	GlobalSection(SolutionConfigurationPlatforms) = preSolution
		Debug|Any CPU = Debug|Any CPU
		Release|Any CPU = Release|Any CPU
	EndGlobalSection
	GlobalSection(ProjectConfigurationPlatforms) = postSolution
		{386BDB04-24E4-4570-94E5-5E6A9E075533}.Debug|Any CPU.ActiveCfg = Debug|Any CPU
		{386BDB04-24E4-4570-94E5-5E6A9E075533}.Debug|Any CPU.Build.0 = Debug|Any CPU
		{386BDB04-24E4-4570-94E5-5E6A9E075533}.Release|Any CPU.ActiveCfg = Release|Any CPU
		{386BDB04-24E4-4570-94E5-5E6A9E075533}.Release|Any CPU.Build.0 = Release|Any CPU
		{84980665-1D33-4F73-9E4F-EE79DA81A1C8}.Debug|Any CPU.ActiveCfg = Debug|Any CPU
		{84980665-1D33-4F73-9E4F-EE79DA81A1C8}.Debug|Any CPU.Build.0 = Debug|Any CPU
		{84980665-1D33-4F73-9E4F-EE79DA81A1C8}.Release|Any CPU.ActiveCfg = Release|Any CPU
		{84980665-1D33-4F73-9E4F-EE79DA81A1C8}.Release|Any CPU.Build.0 = Release|Any CPU
		{E9C9438A-8685-4FCC-8D7A-347BC3DFA645}.Debug|Any CPU.ActiveCfg = Debug|Any CPU
		{E9C9438A-8685-4FCC-8D7A-347BC3DFA645}.Debug|Any CPU.Build.0 = Debug|Any CPU
		{E9C9438A-8685-4FCC-8D7A-347BC3DFA645}.Release|Any CPU.ActiveCfg = Release|Any CPU
		{E9C9438A-8685-4FCC-8D7A-347BC3DFA645}.Release|Any CPU.Build.0 = Release|Any CPU
	EndGlobalSection
	GlobalSection(SolutionProperties) = preSolution
		HideSolutionNode = FALSE
	EndGlobalSection
	GlobalSection(ExtensibilityGlobals) = postSolution
		SolutionGuid = {A59E83CD-AB66-4694-B264-C1694DE74098}
	EndGlobalSection
EndGlobal
